{
  "originHash" : "8e8f6de6cc642e350633fcf66570b71862644ad1bcdc696dae9807ddfb15ada6",
  "pins" : [
    {
      "identity" : "capacitor-swift-pm",
      "kind" : "remoteSourceControl",
      "location" : "https://github.com/ionic-team/capacitor-swift-pm.git",
      "state" : {
        "revision" : "2231987d85b8b0b289320b1d0947b4ae8345cde4",
        "version" : "8.4.1"
      }
    }
  ],
  "version" : 3
}
